// !$*UTF8*$!
{
	archiveVersion = 1;
	classes = {
	};
	objectVersion = 46;
	objects = {

/* Begin PBXBuildFile section */
		F200041F1BC5815E00392F0D /* main.m in Sources */ = {isa = PBXBuildFile; fileRef = F200041E1BC5815E00392F0D /* main.m */; };
		F20004221BC5815E00392F0D /* AppDelegate.m in Sources */ = {isa = PBXBuildFile; fileRef = F20004211BC5815E00392F0D /* AppDelegate.m */; };
		F20004251BC5815E00392F0D /* ViewController.m in Sources */ = {isa = PBXBuildFile; fileRef = F20004241BC5815E00392F0D /* ViewController.m */; };
		F20004281BC5815E00392F0D /* Main.storyboard in Resources */ = {isa = PBXBuildFile; fileRef = F20004261BC5815E00392F0D /* Main.storyboard */; };
		F200042A1BC5815E00392F0D /* Assets.xcassets in Resources */ = {isa = PBXBuildFile; fileRef = F20004291BC5815E00392F0D /* Assets.xcassets */; };
		F200042D1BC5815E00392F0D /* LaunchScreen.storyboard in Resources */ = {isa = PBXBuildFile; fileRef = F200042B1BC5815E00392F0D /* LaunchScreen.storyboard */; };
/* End PBXBuildFile section */

/* Begin PBXFileReference section */
		F200041A1BC5815E00392F0D /* StormPathDemo.app */ = {isa = PBXFileReference; explicitFileType = wrapper.application; includeInIndex = 0; path = StormPathDemo.app; sourceTree = BUILT_PRODUCTS_DIR; };
		F200041E1BC5815E00392F0D /* main.m */ = {isa = PBXFileReference; lastKnownFileType = sourcecode.c.objc; path = main.m; sourceTree = "<group>"; };
		F20004201BC5815E00392F0D /* AppDelegate.h */ = {isa = PBXFileReference; lastKnownFileType = sourcecode.c.h; path = AppDelegate.h; sourceTree = "<group>"; };
		F20004211BC5815E00392F0D /* AppDelegate.m */ = {isa = PBXFileReference; lastKnownFileType = sourcecode.c.objc; path = AppDelegate.m; sourceTree = "<group>"; };
		F20004231BC5815E00392F0D /* ViewController.h */ = {isa = PBXFileReference; lastKnownFileType = sourcecode.c.h; path = ViewController.h; sourceTree = "<group>"; };
		F20004241BC5815E00392F0D /* ViewController.m */ = {isa = PBXFileReference; lastKnownFileType = sourcecode.c.objc; path = ViewController.m; sourceTree = "<group>"; };
		F20004271BC5815E00392F0D /* Base */ = {isa = PBXFileReference; lastKnownFileType = file.storyboard; name = Base; path = Base.lproj/Main.storyboard; sourceTree = "<group>"; };
		F20004291BC5815E00392F0D /* Assets.xcassets */ = {isa = PBXFileReference; lastKnownFileType = folder.assetcatalog; path = Assets.xcassets; sourceTree = "<group>"; };
		F200042C1BC5815E00392F0D /* Base */ = {isa = PBXFileReference; lastKnownFileType = file.storyboard; name = Base; path = Base.lproj/LaunchScreen.storyboard; sourceTree = "<group>"; };
		F200042E1BC5815E00392F0D /* Info.plist */ = {isa = PBXFileReference; lastKnownFileType = text.plist.xml; path = Info.plist; sourceTree = "<group>"; };
/* End PBXFileReference section */

/* Begin PBXFrameworksBuildPhase section */
		F20004171BC5815E00392F0D /* Frameworks */ = {
			isa = PBXFrameworksBuildPhase;
			buildActionMask = 2147483647;
			files = (
			);
			runOnlyForDeploymentPostprocessing = 0;
		};
/* End PBXFrameworksBuildPhase section */

/* Begin PBXGroup section */
		F20004111BC5815E00392F0D = {
			isa = PBXGroup;
			children = (
				F200041C1BC5815E00392F0D /* StormPathDemo */,
				F200041B1BC5815E00392F0D /* Products */,
			);
			sourceTree = "<group>";
		};
		F200041B1BC5815E00392F0D /* Products */ = {
			isa = PBXGroup;
			children = (
				F200041A1BC5815E00392F0D /* StormPathDemo.app */,
			);
			name = Products;
			sourceTree = "<group>";
		};
		F200041C1BC5815E00392F0D /* StormPathDemo */ = {
			isa = PBXGroup;
			children = (
				F20004201BC5815E00392F0D /* AppDelegate.h */,
				F20004211BC5815E00392F0D /* AppDelegate.m */,
				F20004231BC5815E00392F0D /* ViewController.h */,
				F20004241BC5815E00392F0D /* ViewController.m */,
				F20004261BC5815E00392F0D /* Main.storyboard */,
				F20004291BC5815E00392F0D /* Assets.xcassets */,
				F200042B1BC5815E00392F0D /* LaunchScreen.storyboard */,
				F200042E1BC5815E00392F0D /* Info.plist */,
				F200041D1BC5815E00392F0D /* Supporting Files */,
			);
			path = StormPathDemo;
			sourceTree = "<group>";
		};
		F200041D1BC5815E00392F0D /* Supporting Files */ = {
			isa = PBXGroup;
			children = (
				F200041E1BC5815E00392F0D /* main.m */,
			);
			name = "Supporting Files";
			sourceTree = "<group>";
		};
/* End PBXGroup section */

/* Begin PBXNativeTarget section */
		F20004191BC5815E00392F0D /* StormPathDemo */ = {
			isa = PBXNativeTarget;
			buildConfigurationList = F20004311BC5815E00392F0D /* Build configuration list for PBXNativeTarget "StormPathDemo" */;
			buildPhases = (
				F20004161BC5815E00392F0D /* Sources */,
				F20004171BC5815E00392F0D /* Frameworks */,
				F20004181BC5815E00392F0D /* Resources */,
			);
			buildRules = (
			);
			dependencies = (
			);
			name = StormPathDemo;
			productName = StormPathDemo;
			productReference = F200041A1BC5815E00392F0D /* StormPathDemo.app */;
			productType = "com.apple.product-type.application";
		};
/* End PBXNativeTarget section */

/* Begin PBXProject section */
		F20004121BC5815E00392F0D /* Project object */ = {
			isa = PBXProject;
			attributes = {
				LastUpgradeCheck = 0700;
				ORGANIZATIONNAME = Hardcoder;
				TargetAttributes = {
					F20004191BC5815E00392F0D = {
						CreatedOnToolsVersion = 7.0.1;
					};
				};
			};
			buildConfigurationList = F20004151BC5815E00392F0D /* Build configuration list for PBXProject "StormPathDemo" */;
			compatibilityVersion = "Xcode 3.2";
			developmentRegion = English;
			hasScannedForEncodings = 0;
			knownRegions = (
				en,
				Base,
			);
			mainGroup = F20004111BC5815E00392F0D;
			productRefGroup = F200041B1BC5815E00392F0D /* Products */;
			projectDirPath = "";
			projectRoot = "";
			targets = (
				F20004191BC5815E00392F0D /* StormPathDemo */,
			);
		};
/* End PBXProject section */

/* Begin PBXResourcesBuildPhase section */
		F20004181BC5815E00392F0D /* Resources */ = {
			isa = PBXResourcesBuildPhase;
			buildActionMask = 2147483647;
			files = (
				F200042D1BC5815E00392F0D /* LaunchScreen.storyboard in Resources */,
				F200042A1BC5815E00392F0D /* Assets.xcassets in Resources */,
				F20004281BC5815E00392F0D /* Main.storyboard in Resources */,
			);
			runOnlyForDeploymentPostprocessing = 0;
		};
/* End PBXResourcesBuildPhase section */

/* Begin PBXSourcesBuildPhase section */
		F20004161BC5815E00392F0D /* Sources */ = {
			isa = PBXSourcesBuildPhase;
			buildActionMask = 2147483647;
			files = (
				F20004251BC5815E00392F0D /* ViewController.m in Sources */,
				F20004221BC5815E00392F0D /* AppDelegate.m in Sources */,
				F200041F1BC5815E00392F0D /* main.m in Sources */,
			);
			runOnlyForDeploymentPostprocessing = 0;
		};
/* End PBXSourcesBuildPhase section */

/* Begin PBXVariantGroup section */
		F20004261BC5815E00392F0D /* Main.storyboard */ = {
			isa = PBXVariantGroup;
			children = (
				F20004271BC5815E00392F0D /* Base */,
			);
			name = Main.storyboard;
			sourceTree = "<group>";
		};
		F200042B1BC5815E00392F0D /* LaunchScreen.storyboard */ = {
			isa = PBXVariantGroup;
			children = (
				F200042C1BC5815E00392F0D /* Base */,
			);
			name = LaunchScreen.storyboard;
			sourceTree = "<group>";
		};
/* End PBXVariantGroup section */

/* Begin XCBuildConfiguration section */
		F200042F1BC5815E00392F0D /* Debug */ = {
			isa = XCBuildConfiguration;
			buildSettings = {
				ALWAYS_SEARCH_USER_PATHS = NO;
				CLANG_CXX_LANGUAGE_STANDARD = "gnu++0x";
				CLANG_CXX_LIBRARY = "libc++";
				CLANG_ENABLE_MODULES = YES;
				CLANG_ENABLE_OBJC_ARC = YES;
				CLANG_WARN_BOOL_CONVERSION = YES;
				CLANG_WARN_CONSTANT_CONVERSION = YES;
				CLANG_WARN_DIRECT_OBJC_ISA_USAGE = YES_ERROR;
				CLANG_WARN_EMPTY_BODY = YES;
				CLANG_WARN_ENUM_CONVERSION = YES;
				CLANG_WARN_INT_CONVERSION = YES;
				CLANG_WARN_OBJC_ROOT_CLASS = YES_ERROR;
				CLANG_WARN_UNREACHABLE_CODE = YES;
				CLANG_WARN__DUPLICATE_METHOD_MATCH = YES;
				"CODE_SIGN_IDENTITY[sdk=iphoneos*]" = "iPhone Developer";
				COPY_PHASE_STRIP = NO;
				DEBUG_INFORMATION_FORMAT = dwarf;
				ENABLE_STRICT_OBJC_MSGSEND = YES;
				ENABLE_TESTABILITY = YES;
				GCC_C_LANGUAGE_STANDARD = gnu99;
				GCC_DYNAMIC_NO_PIC = NO;
				GCC_NO_COMMON_BLOCKS = YES;
				GCC_OPTIMIZATION_LEVEL = 0;
				GCC_PREPROCESSOR_DEFINITIONS = (
					"DEBUG=1",
					"$(inherited)",
				);
				GCC_WARN_64_TO_32_BIT_CONVERSION = YES;
				GCC_WARN_ABOUT_RETURN_TYPE = YES_ERROR;
				GCC_WARN_UNDECLARED_SELECTOR = YES;
				GCC_WARN_UNINITIALIZED_AUTOS = YES_AGGRESSIVE;
				GCC_WARN_UNUSED_FUNCTION = YES;
				GCC_WARN_UNUSED_VARIABLE = YES;
				IPHONEOS_DEPLOYMENT_TARGET = 9.0;
				MTL_ENABLE_DEBUG_INFO = YES;
				ONLY_ACTIVE_ARCH = YES;
				SDKROOT = iphoneos;
			};
			name = Debug;
		};
		F20004301BC5815E00392F0D /* Release */ = {
			isa = XCBuildConfiguration;
			buildSettings = {
				ALWAYS_SEARCH_USER_PATHS = NO;
				CLANG_CXX_LANGUAGE_STANDARD = "gnu++0x";
				CLANG_CXX_LIBRARY = "libc++";
				CLANG_ENABLE_MODULES = YES;
				CLANG_ENABLE_OBJC_ARC = YES;
				CLANG_WARN_BOOL_CONVERSION = YES;
				CLANG_WARN_CONSTANT_CONVERSION = YES;
				CLANG_WARN_DIRECT_OBJC_ISA_USAGE = YES_ERROR;
				CLANG_WARN_EMPTY_BODY = YES;
				CLANG_WARN_ENUM_CONVERSION = YES;
				CLANG_WARN_INT_CONVERSION = YES;
				CLANG_WARN_OBJC_ROOT_CLASS = YES_ERROR;
				CLANG_WARN_UNREACHABLE_CODE = YES;
				CLANG_WARN__DUPLICATE_METHOD_MATCH = YES;
				"CODE_SIGN_IDENTITY[sdk=iphoneos*]" = "iPhone Developer";
				COPY_PHASE_STRIP = NO;
				DEBUG_INFORMATION_FORMAT = "dwarf-with-dsym";
				ENABLE_NS_ASSERTIONS = NO;
				ENABLE_STRICT_OBJC_MSGSEND = YES;
				GCC_C_LANGUAGE_STANDARD = gnu99;
				GCC_NO_COMMON_BLOCKS = YES;
				GCC_WARN_64_TO_32_BIT_CONVERSION = YES;
				GCC_WARN_ABOUT_RETURN_TYPE = YES_ERROR;
				GCC_WARN_UNDECLARED_SELECTOR = YES;
				GCC_WARN_UNINITIALIZED_AUTOS = YES_AGGRESSIVE;
				GCC_WARN_UNUSED_FUNCTION = YES;
				GCC_WARN_UNUSED_VARIABLE = YES;
				IPHONEOS_DEPLOYMENT_TARGET = 9.0;
				MTL_ENABLE_DEBUG_INFO = NO;
				SDKROOT = iphoneos;
				VALIDATE_PRODUCT = YES;
			};
			name = Release;
		};
		F20004321BC5815E00392F0D /* Debug */ = {
			isa = XCBuildConfiguration;
			buildSettings = {
				ASSETCATALOG_COMPILER_APPICON_NAME = AppIcon;
				INFOPLIST_FILE = StormPathDemo/Info.plist;
				LD_RUNPATH_SEARCH_PATHS = "$(inherited) @executable_path/Frameworks";
				PRODUCT_BUNDLE_IDENTIFIER = Hardcoder.StormPathDemo;
				PRODUCT_NAME = "$(TARGET_NAME)";
			};
			name = Debug;
		};
		F20004331BC5815E00392F0D /* Release */ = {
			isa = XCBuildConfiguration;
			buildSettings = {
				ASSETCATALOG_COMPILER_APPICON_NAME = AppIcon;
				INFOPLIST_FILE = StormPathDemo/Info.plist;
				LD_RUNPATH_SEARCH_PATHS = "$(inherited) @executable_path/Frameworks";
				PRODUCT_BUNDLE_IDENTIFIER = Hardcoder.StormPathDemo;
				PRODUCT_NAME = "$(TARGET_NAME)";
			};
			name = Release;
		};
/* End XCBuildConfiguration section */

/* Begin XCConfigurationList section */
		F20004151BC5815E00392F0D /* Build configuration list for PBXProject "StormPathDemo" */ = {
			isa = XCConfigurationList;
			buildConfigurations = (
				F200042F1BC5815E00392F0D /* Debug */,
				F20004301BC5815E00392F0D /* Release */,
			);
			defaultConfigurationIsVisible = 0;
			defaultConfigurationName = Release;
		};
		F20004311BC5815E00392F0D /* Build configuration list for PBXNativeTarget "StormPathDemo" */ = {
			isa = XCConfigurationList;
			buildConfigurations = (
				F20004321BC5815E00392F0D /* Debug */,
				F20004331BC5815E00392F0D /* Release */,
			);
			defaultConfigurationIsVisible = 0;
		};
/* End XCConfigurationList section */
	};
	rootObject = F20004121BC5815E00392F0D /* Project object */;
}
